// !$*UTF8*$!
{
	archiveVersion = 1;
	classes = {
	};
	objectVersion = 56;
	objects = {

/* Begin PBXBuildFile section */
		633A5BD929D98BAD0073FF9D /* ColorExtension.swift in Sources */ = {isa = PBXBuildFile; fileRef = 633A5BD829D98BAD0073FF9D /* ColorExtension.swift */; };
		633A5BDB29D98EAC0073FF9D /* ViewExtension.swift in Sources */ = {isa = PBXBuildFile; fileRef = 633A5BDA29D98EAC0073FF9D /* ViewExtension.swift */; };
		633A5BDF29D9919D0073FF9D /* RegisterPage.swift in Sources */ = {isa = PBXBuildFile; fileRef = 633A5BDE29D9919D0073FF9D /* RegisterPage.swift */; };
		633A5BE129D9943B0073FF9D /* AgreementPage.swift in Sources */ = {isa = PBXBuildFile; fileRef = 633A5BE029D9943B0073FF9D /* AgreementPage.swift */; };
		633A5BE429D9954B0073FF9D /* AccountTextField.swift in Sources */ = {isa = PBXBuildFile; fileRef = 633A5BE329D9954B0073FF9D /* AccountTextField.swift */; };
		633A5BE629D999890073FF9D /* PasswordFindPage.swift in Sources */ = {isa = PBXBuildFile; fileRef = 633A5BE529D999890073FF9D /* PasswordFindPage.swift */; };
		633A5BE829D99A7C0073FF9D /* PasswordResetPage.swift in Sources */ = {isa = PBXBuildFile; fileRef = 633A5BE729D99A7C0073FF9D /* PasswordResetPage.swift */; };
		633A5BEC29D9A15B0073FF9D /* AccountRepository.swift in Sources */ = {isa = PBXBuildFile; fileRef = 633A5BEB29D9A15B0073FF9D /* AccountRepository.swift */; };
		63DC910F29D986E90048D0AC /* BookableApp.swift in Sources */ = {isa = PBXBuildFile; fileRef = 63DC910E29D986E90048D0AC /* BookableApp.swift */; };
		63DC911129D986E90048D0AC /* LoginPage.swift in Sources */ = {isa = PBXBuildFile; fileRef = 63DC911029D986E90048D0AC /* LoginPage.swift */; };
		63DC911329D986EA0048D0AC /* Assets.xcassets in Resources */ = {isa = PBXBuildFile; fileRef = 63DC911229D986EA0048D0AC /* Assets.xcassets */; };
		63DC911629D986EA0048D0AC /* Preview Assets.xcassets in Resources */ = {isa = PBXBuildFile; fileRef = 63DC911529D986EA0048D0AC /* Preview Assets.xcassets */; };
		63DC912029D986EA0048D0AC /* BookableTests.swift in Sources */ = {isa = PBXBuildFile; fileRef = 63DC911F29D986EA0048D0AC /* BookableTests.swift */; };
		63DC912A29D986EA0048D0AC /* BookableUITests.swift in Sources */ = {isa = PBXBuildFile; fileRef = 63DC912929D986EA0048D0AC /* BookableUITests.swift */; };
		63DC912C29D986EA0048D0AC /* BookableUITestsLaunchTests.swift in Sources */ = {isa = PBXBuildFile; fileRef = 63DC912B29D986EA0048D0AC /* BookableUITestsLaunchTests.swift */; };
/* End PBXBuildFile section */

/* Begin PBXContainerItemProxy section */
		63DC911C29D986EA0048D0AC /* PBXContainerItemProxy */ = {
			isa = PBXContainerItemProxy;
			containerPortal = 63DC910329D986E90048D0AC /* Project object */;
			proxyType = 1;
			remoteGlobalIDString = 63DC910A29D986E90048D0AC;
			remoteInfo = bookable;
		};
		63DC912629D986EA0048D0AC /* PBXContainerItemProxy */ = {
			isa = PBXContainerItemProxy;
			containerPortal = 63DC910329D986E90048D0AC /* Project object */;
			proxyType = 1;
			remoteGlobalIDString = 63DC910A29D986E90048D0AC;
			remoteInfo = bookable;
		};
/* End PBXContainerItemProxy section */

/* Begin PBXFileReference section */
		633A5BD829D98BAD0073FF9D /* ColorExtension.swift */ = {isa = PBXFileReference; lastKnownFileType = sourcecode.swift; path = ColorExtension.swift; sourceTree = "<group>"; };
		633A5BDA29D98EAC0073FF9D /* ViewExtension.swift */ = {isa = PBXFileReference; lastKnownFileType = sourcecode.swift; path = ViewExtension.swift; sourceTree = "<group>"; };
		633A5BDE29D9919D0073FF9D /* RegisterPage.swift */ = {isa = PBXFileReference; lastKnownFileType = sourcecode.swift; path = RegisterPage.swift; sourceTree = "<group>"; };
		633A5BE029D9943B0073FF9D /* AgreementPage.swift */ = {isa = PBXFileReference; lastKnownFileType = sourcecode.swift; path = AgreementPage.swift; sourceTree = "<group>"; };
		633A5BE329D9954B0073FF9D /* AccountTextField.swift */ = {isa = PBXFileReference; lastKnownFileType = sourcecode.swift; path = AccountTextField.swift; sourceTree = "<group>"; };
		633A5BE529D999890073FF9D /* PasswordFindPage.swift */ = {isa = PBXFileReference; lastKnownFileType = sourcecode.swift; path = PasswordFindPage.swift; sourceTree = "<group>"; };
		633A5BE729D99A7C0073FF9D /* PasswordResetPage.swift */ = {isa = PBXFileReference; lastKnownFileType = sourcecode.swift; path = PasswordResetPage.swift; sourceTree = "<group>"; };
		633A5BEB29D9A15B0073FF9D /* AccountRepository.swift */ = {isa = PBXFileReference; lastKnownFileType = sourcecode.swift; path = AccountRepository.swift; sourceTree = "<group>"; };
		63DC910B29D986E90048D0AC /* Bookable.app */ = {isa = PBXFileReference; explicitFileType = wrapper.application; includeInIndex = 0; path = Bookable.app; sourceTree = BUILT_PRODUCTS_DIR; };
		63DC910E29D986E90048D0AC /* BookableApp.swift */ = {isa = PBXFileReference; lastKnownFileType = sourcecode.swift; path = BookableApp.swift; sourceTree = "<group>"; };
		63DC911029D986E90048D0AC /* LoginPage.swift */ = {isa = PBXFileReference; lastKnownFileType = sourcecode.swift; path = LoginPage.swift; sourceTree = "<group>"; };
		63DC911229D986EA0048D0AC /* Assets.xcassets */ = {isa = PBXFileReference; lastKnownFileType = folder.assetcatalog; path = Assets.xcassets; sourceTree = "<group>"; };
		63DC911529D986EA0048D0AC /* Preview Assets.xcassets */ = {isa = PBXFileReference; lastKnownFileType = folder.assetcatalog; path = "Preview Assets.xcassets"; sourceTree = "<group>"; };
		63DC911B29D986EA0048D0AC /* BookableTests.xctest */ = {isa = PBXFileReference; explicitFileType = wrapper.cfbundle; includeInIndex = 0; path = BookableTests.xctest; sourceTree = BUILT_PRODUCTS_DIR; };
		63DC911F29D986EA0048D0AC /* BookableTests.swift */ = {isa = PBXFileReference; lastKnownFileType = sourcecode.swift; path = BookableTests.swift; sourceTree = "<group>"; };
		63DC912529D986EA0048D0AC /* BookableUITests.xctest */ = {isa = PBXFileReference; explicitFileType = wrapper.cfbundle; includeInIndex = 0; path = BookableUITests.xctest; sourceTree = BUILT_PRODUCTS_DIR; };
		63DC912929D986EA0048D0AC /* BookableUITests.swift */ = {isa = PBXFileReference; lastKnownFileType = sourcecode.swift; path = BookableUITests.swift; sourceTree = "<group>"; };
		63DC912B29D986EA0048D0AC /* BookableUITestsLaunchTests.swift */ = {isa = PBXFileReference; lastKnownFileType = sourcecode.swift; path = BookableUITestsLaunchTests.swift; sourceTree = "<group>"; };
/* End PBXFileReference section */

/* Begin PBXFrameworksBuildPhase section */
		63DC910829D986E90048D0AC /* Frameworks */ = {
			isa = PBXFrameworksBuildPhase;
			buildActionMask = 2147483647;
			files = (
			);
			runOnlyForDeploymentPostprocessing = 0;
		};
		63DC911829D986EA0048D0AC /* Frameworks */ = {
			isa = PBXFrameworksBuildPhase;
			buildActionMask = 2147483647;
			files = (
			);
			runOnlyForDeploymentPostprocessing = 0;
		};
		63DC912229D986EA0048D0AC /* Frameworks */ = {
			isa = PBXFrameworksBuildPhase;
			buildActionMask = 2147483647;
			files = (
			);
			runOnlyForDeploymentPostprocessing = 0;
		};
/* End PBXFrameworksBuildPhase section */

/* Begin PBXGroup section */
		633A5BD729D98B960073FF9D /* Extensions */ = {
			isa = PBXGroup;
			children = (
				633A5BD829D98BAD0073FF9D /* ColorExtension.swift */,
				633A5BDA29D98EAC0073FF9D /* ViewExtension.swift */,
			);
			path = Extensions;
			sourceTree = "<group>";
		};
		633A5BDC29D9917C0073FF9D /* Widget */ = {
			isa = PBXGroup;
			children = (
				633A5BDD29D991860073FF9D /* Account */,
			);
			path = Widget;
			sourceTree = "<group>";
		};
		633A5BDD29D991860073FF9D /* Account */ = {
			isa = PBXGroup;
			children = (
				633A5BE229D9953F0073FF9D /* Components */,
				63DC911029D986E90048D0AC /* LoginPage.swift */,
				633A5BDE29D9919D0073FF9D /* RegisterPage.swift */,
				633A5BE029D9943B0073FF9D /* AgreementPage.swift */,
				633A5BE529D999890073FF9D /* PasswordFindPage.swift */,
				633A5BE729D99A7C0073FF9D /* PasswordResetPage.swift */,
			);
			path = Account;
			sourceTree = "<group>";
		};
		633A5BE229D9953F0073FF9D /* Components */ = {
			isa = PBXGroup;
			children = (
				633A5BE329D9954B0073FF9D /* AccountTextField.swift */,
			);
			path = Components;
			sourceTree = "<group>";
		};
		633A5BE929D9A1420073FF9D /* Repository */ = {
			isa = PBXGroup;
			children = (
				633A5BEB29D9A15B0073FF9D /* AccountRepository.swift */,
			);
			path = Repository;
			sourceTree = "<group>";
		};
		633A5BEA29D9A1500073FF9D /* Model */ = {
			isa = PBXGroup;
			children = (
			);
			path = Model;
			sourceTree = "<group>";
		};
		63DC910229D986E90048D0AC = {
			isa = PBXGroup;
			children = (
				63DC910D29D986E90048D0AC /* Bookable */,
				63DC911E29D986EA0048D0AC /* BookableTests */,
				63DC912829D986EA0048D0AC /* BookableUITests */,
				63DC910C29D986E90048D0AC /* Products */,
			);
			sourceTree = "<group>";
		};
		63DC910C29D986E90048D0AC /* Products */ = {
			isa = PBXGroup;
			children = (
				63DC910B29D986E90048D0AC /* Bookable.app */,
				63DC911B29D986EA0048D0AC /* BookableTests.xctest */,
				63DC912529D986EA0048D0AC /* BookableUITests.xctest */,
			);
			name = Products;
			sourceTree = "<group>";
		};
		63DC910D29D986E90048D0AC /* Bookable */ = {
			isa = PBXGroup;
			children = (
				633A5BD729D98B960073FF9D /* Extensions */,
				633A5BEA29D9A1500073FF9D /* Model */,
				633A5BE929D9A1420073FF9D /* Repository */,
				633A5BDC29D9917C0073FF9D /* Widget */,
				63DC910E29D986E90048D0AC /* BookableApp.swift */,
				63DC911229D986EA0048D0AC /* Assets.xcassets */,
				63DC911429D986EA0048D0AC /* Preview Content */,
			);
			path = Bookable;
			sourceTree = "<group>";
		};
		63DC911429D986EA0048D0AC /* Preview Content */ = {
			isa = PBXGroup;
			children = (
				63DC911529D986EA0048D0AC /* Preview Assets.xcassets */,
			);
			path = "Preview Content";
			sourceTree = "<group>";
		};
		63DC911E29D986EA0048D0AC /* BookableTests */ = {
			isa = PBXGroup;
			children = (
				63DC911F29D986EA0048D0AC /* BookableTests.swift */,
			);
			path = BookableTests;
			sourceTree = "<group>";
		};
		63DC912829D986EA0048D0AC /* BookableUITests */ = {
			isa = PBXGroup;
			children = (
				63DC912929D986EA0048D0AC /* BookableUITests.swift */,
				63DC912B29D986EA0048D0AC /* BookableUITestsLaunchTests.swift */,
			);
			path = BookableUITests;
			sourceTree = "<group>";
		};
/* End PBXGroup section */

/* Begin PBXNativeTarget section */
		63DC910A29D986E90048D0AC /* Bookable */ = {
			isa = PBXNativeTarget;
			buildConfigurationList = 63DC912F29D986EA0048D0AC /* Build configuration list for PBXNativeTarget "Bookable" */;
			buildPhases = (
				63DC913829D9873F0048D0AC /* SwiftLint Script */,
				63DC910729D986E90048D0AC /* Sources */,
				63DC910829D986E90048D0AC /* Frameworks */,
				63DC910929D986E90048D0AC /* Resources */,
			);
			buildRules = (
			);
			dependencies = (
			);
			name = Bookable;
			productName = bookable;
			productReference = 63DC910B29D986E90048D0AC /* Bookable.app */;
			productType = "com.apple.product-type.application";
		};
		63DC911A29D986EA0048D0AC /* BookableTests */ = {
			isa = PBXNativeTarget;
			buildConfigurationList = 63DC913229D986EA0048D0AC /* Build configuration list for PBXNativeTarget "BookableTests" */;
			buildPhases = (
				63DC911729D986EA0048D0AC /* Sources */,
				63DC911829D986EA0048D0AC /* Frameworks */,
				63DC911929D986EA0048D0AC /* Resources */,
			);
			buildRules = (
			);
			dependencies = (
				63DC911D29D986EA0048D0AC /* PBXTargetDependency */,
			);
			name = BookableTests;
			productName = bookableTests;
			productReference = 63DC911B29D986EA0048D0AC /* BookableTests.xctest */;
			productType = "com.apple.product-type.bundle.unit-test";
		};
		63DC912429D986EA0048D0AC /* BookableUITests */ = {
			isa = PBXNativeTarget;
			buildConfigurationList = 63DC913529D986EA0048D0AC /* Build configuration list for PBXNativeTarget "BookableUITests" */;
			buildPhases = (
				63DC912129D986EA0048D0AC /* Sources */,
				63DC912229D986EA0048D0AC /* Frameworks */,
				63DC912329D986EA0048D0AC /* Resources */,
			);
			buildRules = (
			);
			dependencies = (
				63DC912729D986EA0048D0AC /* PBXTargetDependency */,
			);
			name = BookableUITests;
			productName = bookableUITests;
			productReference = 63DC912529D986EA0048D0AC /* BookableUITests.xctest */;
			productType = "com.apple.product-type.bundle.ui-testing";
		};
/* End PBXNativeTarget section */

/* Begin PBXProject section */
		63DC910329D986E90048D0AC /* Project object */ = {
			isa = PBXProject;
			attributes = {
				BuildIndependentTargetsInParallel = 1;
				LastSwiftUpdateCheck = 1420;
				LastUpgradeCheck = 1420;
				TargetAttributes = {
					63DC910A29D986E90048D0AC = {
						CreatedOnToolsVersion = 14.2;
					};
					63DC911A29D986EA0048D0AC = {
						CreatedOnToolsVersion = 14.2;
						TestTargetID = 63DC910A29D986E90048D0AC;
					};
					63DC912429D986EA0048D0AC = {
						CreatedOnToolsVersion = 14.2;
						TestTargetID = 63DC910A29D986E90048D0AC;
					};
				};
			};
			buildConfigurationList = 63DC910629D986E90048D0AC /* Build configuration list for PBXProject "Bookable" */;
			compatibilityVersion = "Xcode 14.0";
			developmentRegion = en;
			hasScannedForEncodings = 0;
			knownRegions = (
				en,
				Base,
			);
			mainGroup = 63DC910229D986E90048D0AC;
			productRefGroup = 63DC910C29D986E90048D0AC /* Products */;
			projectDirPath = "";
			projectRoot = "";
			targets = (
				63DC910A29D986E90048D0AC /* Bookable */,
				63DC911A29D986EA0048D0AC /* BookableTests */,
				63DC912429D986EA0048D0AC /* BookableUITests */,
			);
		};
/* End PBXProject section */

/* Begin PBXResourcesBuildPhase section */
		63DC910929D986E90048D0AC /* Resources */ = {
			isa = PBXResourcesBuildPhase;
			buildActionMask = 2147483647;
			files = (
				63DC911629D986EA0048D0AC /* Preview Assets.xcassets in Resources */,
				63DC911329D986EA0048D0AC /* Assets.xcassets in Resources */,
			);
			runOnlyForDeploymentPostprocessing = 0;
		};
		63DC911929D986EA0048D0AC /* Resources */ = {
			isa = PBXResourcesBuildPhase;
			buildActionMask = 2147483647;
			files = (
			);
			runOnlyForDeploymentPostprocessing = 0;
		};
		63DC912329D986EA0048D0AC /* Resources */ = {
			isa = PBXResourcesBuildPhase;
			buildActionMask = 2147483647;
			files = (
			);
			runOnlyForDeploymentPostprocessing = 0;
		};
/* End PBXResourcesBuildPhase section */

/* Begin PBXShellScriptBuildPhase section */
		63DC913829D9873F0048D0AC /* SwiftLint Script */ = {
			isa = PBXShellScriptBuildPhase;
			buildActionMask = 2147483647;
			files = (
			);
			inputFileListPaths = (
			);
			inputPaths = (
			);
			name = "SwiftLint Script";
			outputFileListPaths = (
			);
			outputPaths = (
			);
			runOnlyForDeploymentPostprocessing = 0;
			shellPath = /bin/sh;
			shellScript = "export PATH=\"$PATH:/opt/homebrew/bin\"\nif which swiftlint > /dev/null; then\n  swiftlint\nelse\n  echo \"warning: SwiftLint not installed, download from https://github.com/realm/SwiftLint\"\nfi\n";
		};
/* End PBXShellScriptBuildPhase section */

/* Begin PBXSourcesBuildPhase section */
		63DC910729D986E90048D0AC /* Sources */ = {
			isa = PBXSourcesBuildPhase;
			buildActionMask = 2147483647;
			files = (
				633A5BDF29D9919D0073FF9D /* RegisterPage.swift in Sources */,
				633A5BE429D9954B0073FF9D /* AccountTextField.swift in Sources */,
				633A5BE629D999890073FF9D /* PasswordFindPage.swift in Sources */,
				633A5BEC29D9A15B0073FF9D /* AccountRepository.swift in Sources */,
				633A5BD929D98BAD0073FF9D /* ColorExtension.swift in Sources */,
				63DC911129D986E90048D0AC /* LoginPage.swift in Sources */,
				633A5BDB29D98EAC0073FF9D /* ViewExtension.swift in Sources */,
				633A5BE829D99A7C0073FF9D /* PasswordResetPage.swift in Sources */,
				63DC910F29D986E90048D0AC /* BookableApp.swift in Sources */,
				633A5BE129D9943B0073FF9D /* AgreementPage.swift in Sources */,
			);
			runOnlyForDeploymentPostprocessing = 0;
		};
		63DC911729D986EA0048D0AC /* Sources */ = {
			isa = PBXSourcesBuildPhase;
			buildActionMask = 2147483647;
			files = (
				63DC912029D986EA0048D0AC /* BookableTests.swift in Sources */,
			);
			runOnlyForDeploymentPostprocessing = 0;
		};
		63DC912129D986EA0048D0AC /* Sources */ = {
			isa = PBXSourcesBuildPhase;
			buildActionMask = 2147483647;
			files = (
				63DC912C29D986EA0048D0AC /* BookableUITestsLaunchTests.swift in Sources */,
				63DC912A29D986EA0048D0AC /* BookableUITests.swift in Sources */,
			);
			runOnlyForDeploymentPostprocessing = 0;
		};
/* End PBXSourcesBuildPhase section */

/* Begin PBXTargetDependency section */
		63DC911D29D986EA0048D0AC /* PBXTargetDependency */ = {
			isa = PBXTargetDependency;
			target = 63DC910A29D986E90048D0AC /* Bookable */;
			targetProxy = 63DC911C29D986EA0048D0AC /* PBXContainerItemProxy */;
		};
		63DC912729D986EA0048D0AC /* PBXTargetDependency */ = {
			isa = PBXTargetDependency;
			target = 63DC910A29D986E90048D0AC /* Bookable */;
			targetProxy = 63DC912629D986EA0048D0AC /* PBXContainerItemProxy */;
		};
/* End PBXTargetDependency section */

/* Begin XCBuildConfiguration section */
		63DC912D29D986EA0048D0AC /* Debug */ = {
			isa = XCBuildConfiguration;
			buildSettings = {
				ALWAYS_SEARCH_USER_PATHS = NO;
				CLANG_ANALYZER_NONNULL = YES;
				CLANG_ANALYZER_NUMBER_OBJECT_CONVERSION = YES_AGGRESSIVE;
				CLANG_CXX_LANGUAGE_STANDARD = "gnu++20";
				CLANG_ENABLE_MODULES = YES;
				CLANG_ENABLE_OBJC_ARC = YES;
				CLANG_ENABLE_OBJC_WEAK = YES;
				CLANG_WARN_BLOCK_CAPTURE_AUTORELEASING = YES;
				CLANG_WARN_BOOL_CONVERSION = YES;
				CLANG_WARN_COMMA = YES;
				CLANG_WARN_CONSTANT_CONVERSION = YES;
				CLANG_WARN_DEPRECATED_OBJC_IMPLEMENTATIONS = YES;
				CLANG_WARN_DIRECT_OBJC_ISA_USAGE = YES_ERROR;
				CLANG_WARN_DOCUMENTATION_COMMENTS = YES;
				CLANG_WARN_EMPTY_BODY = YES;
				CLANG_WARN_ENUM_CONVERSION = YES;
				CLANG_WARN_INFINITE_RECURSION = YES;
				CLANG_WARN_INT_CONVERSION = YES;
				CLANG_WARN_NON_LITERAL_NULL_CONVERSION = YES;
				CLANG_WARN_OBJC_IMPLICIT_RETAIN_SELF = YES;
				CLANG_WARN_OBJC_LITERAL_CONVERSION = YES;
				CLANG_WARN_OBJC_ROOT_CLASS = YES_ERROR;
				CLANG_WARN_QUOTED_INCLUDE_IN_FRAMEWORK_HEADER = YES;
				CLANG_WARN_RANGE_LOOP_ANALYSIS = YES;
				CLANG_WARN_STRICT_PROTOTYPES = YES;
				CLANG_WARN_SUSPICIOUS_MOVE = YES;
				CLANG_WARN_UNGUARDED_AVAILABILITY = YES_AGGRESSIVE;
				CLANG_WARN_UNREACHABLE_CODE = YES;
				CLANG_WARN__DUPLICATE_METHOD_MATCH = YES;
				COPY_PHASE_STRIP = NO;
				DEBUG_INFORMATION_FORMAT = dwarf;
				ENABLE_STRICT_OBJC_MSGSEND = YES;
				ENABLE_TESTABILITY = YES;
				GCC_C_LANGUAGE_STANDARD = gnu11;
				GCC_DYNAMIC_NO_PIC = NO;
				GCC_NO_COMMON_BLOCKS = YES;
				GCC_OPTIMIZATION_LEVEL = 0;
				GCC_PREPROCESSOR_DEFINITIONS = (
					"DEBUG=1",
					"$(inherited)",
				);
				GCC_WARN_64_TO_32_BIT_CONVERSION = YES;
				GCC_WARN_ABOUT_RETURN_TYPE = YES_ERROR;
				GCC_WARN_UNDECLARED_SELECTOR = YES;
				GCC_WARN_UNINITIALIZED_AUTOS = YES_AGGRESSIVE;
				GCC_WARN_UNUSED_FUNCTION = YES;
				GCC_WARN_UNUSED_VARIABLE = YES;
				IPHONEOS_DEPLOYMENT_TARGET = 16.2;
				MTL_ENABLE_DEBUG_INFO = INCLUDE_SOURCE;
				MTL_FAST_MATH = YES;
				ONLY_ACTIVE_ARCH = YES;
				SDKROOT = iphoneos;
				SWIFT_ACTIVE_COMPILATION_CONDITIONS = DEBUG;
				SWIFT_OPTIMIZATION_LEVEL = "-Onone";
			};
			name = Debug;
		};
		63DC912E29D986EA0048D0AC /* Release */ = {
			isa = XCBuildConfiguration;
			buildSettings = {
				ALWAYS_SEARCH_USER_PATHS = NO;
				CLANG_ANALYZER_NONNULL = YES;
				CLANG_ANALYZER_NUMBER_OBJECT_CONVERSION = YES_AGGRESSIVE;
				CLANG_CXX_LANGUAGE_STANDARD = "gnu++20";
				CLANG_ENABLE_MODULES = YES;
				CLANG_ENABLE_OBJC_ARC = YES;
				CLANG_ENABLE_OBJC_WEAK = YES;
				CLANG_WARN_BLOCK_CAPTURE_AUTORELEASING = YES;
				CLANG_WARN_BOOL_CONVERSION = YES;
				CLANG_WARN_COMMA = YES;
				CLANG_WARN_CONSTANT_CONVERSION = YES;
				CLANG_WARN_DEPRECATED_OBJC_IMPLEMENTATIONS = YES;
				CLANG_WARN_DIRECT_OBJC_ISA_USAGE = YES_ERROR;
				CLANG_WARN_DOCUMENTATION_COMMENTS = YES;
				CLANG_WARN_EMPTY_BODY = YES;
				CLANG_WARN_ENUM_CONVERSION = YES;
				CLANG_WARN_INFINITE_RECURSION = YES;
				CLANG_WARN_INT_CONVERSION = YES;
				CLANG_WARN_NON_LITERAL_NULL_CONVERSION = YES;
				CLANG_WARN_OBJC_IMPLICIT_RETAIN_SELF = YES;
				CLANG_WARN_OBJC_LITERAL_CONVERSION = YES;
				CLANG_WARN_OBJC_ROOT_CLASS = YES_ERROR;
				CLANG_WARN_QUOTED_INCLUDE_IN_FRAMEWORK_HEADER = YES;
				CLANG_WARN_RANGE_LOOP_ANALYSIS = YES;
				CLANG_WARN_STRICT_PROTOTYPES = YES;
				CLANG_WARN_SUSPICIOUS_MOVE = YES;
				CLANG_WARN_UNGUARDED_AVAILABILITY = YES_AGGRESSIVE;
				CLANG_WARN_UNREACHABLE_CODE = YES;
				CLANG_WARN__DUPLICATE_METHOD_MATCH = YES;
				COPY_PHASE_STRIP = NO;
				DEBUG_INFORMATION_FORMAT = "dwarf-with-dsym";
				ENABLE_NS_ASSERTIONS = NO;
				ENABLE_STRICT_OBJC_MSGSEND = YES;
				GCC_C_LANGUAGE_STANDARD = gnu11;
				GCC_NO_COMMON_BLOCKS = YES;
				GCC_WARN_64_TO_32_BIT_CONVERSION = YES;
				GCC_WARN_ABOUT_RETURN_TYPE = YES_ERROR;
				GCC_WARN_UNDECLARED_SELECTOR = YES;
				GCC_WARN_UNINITIALIZED_AUTOS = YES_AGGRESSIVE;
				GCC_WARN_UNUSED_FUNCTION = YES;
				GCC_WARN_UNUSED_VARIABLE = YES;
				IPHONEOS_DEPLOYMENT_TARGET = 16.2;
				MTL_ENABLE_DEBUG_INFO = NO;
				MTL_FAST_MATH = YES;
				SDKROOT = iphoneos;
				SWIFT_COMPILATION_MODE = wholemodule;
				SWIFT_OPTIMIZATION_LEVEL = "-O";
				VALIDATE_PRODUCT = YES;
			};
			name = Release;
		};
		63DC913029D986EA0048D0AC /* Debug */ = {
			isa = XCBuildConfiguration;
			buildSettings = {
				ASSETCATALOG_COMPILER_APPICON_NAME = AppIcon;
				ASSETCATALOG_COMPILER_GLOBAL_ACCENT_COLOR_NAME = AccentColor;
				CODE_SIGN_STYLE = Automatic;
				CURRENT_PROJECT_VERSION = 1;
				DEVELOPMENT_ASSET_PATHS = "\"bookable/Preview Content\"";
				DEVELOPMENT_TEAM = 7P922SQ56W;
				ENABLE_PREVIEWS = YES;
				GENERATE_INFOPLIST_FILE = YES;
				INFOPLIST_KEY_UIApplicationSceneManifest_Generation = YES;
				INFOPLIST_KEY_UIApplicationSupportsIndirectInputEvents = YES;
				INFOPLIST_KEY_UILaunchScreen_Generation = YES;
				INFOPLIST_KEY_UISupportedInterfaceOrientations = UIInterfaceOrientationPortrait;
				IPHONEOS_DEPLOYMENT_TARGET = 15.0;
				LD_RUNPATH_SEARCH_PATHS = (
					"$(inherited)",
					"@executable_path/Frameworks",
				);
				MARKETING_VERSION = 1.0;
				PRODUCT_BUNDLE_IDENTIFIER = com.potluck.bookable;
				PRODUCT_NAME = "$(TARGET_NAME)";
				SWIFT_EMIT_LOC_STRINGS = YES;
				SWIFT_VERSION = 5.0;
				TARGETED_DEVICE_FAMILY = "1,2";
			};
			name = Debug;
		};
		63DC913129D986EA0048D0AC /* Release */ = {
			isa = XCBuildConfiguration;
			buildSettings = {
				ASSETCATALOG_COMPILER_APPICON_NAME = AppIcon;
				ASSETCATALOG_COMPILER_GLOBAL_ACCENT_COLOR_NAME = AccentColor;
				CODE_SIGN_STYLE = Automatic;
				CURRENT_PROJECT_VERSION = 1;
				DEVELOPMENT_ASSET_PATHS = "\"bookable/Preview Content\"";
				DEVELOPMENT_TEAM = 7P922SQ56W;
				ENABLE_PREVIEWS = YES;
				GENERATE_INFOPLIST_FILE = YES;
				INFOPLIST_KEY_UIApplicationSceneManifest_Generation = YES;
				INFOPLIST_KEY_UIApplicationSupportsIndirectInputEvents = YES;
				INFOPLIST_KEY_UILaunchScreen_Generation = YES;
				INFOPLIST_KEY_UISupportedInterfaceOrientations = UIInterfaceOrientationPortrait;
				IPHONEOS_DEPLOYMENT_TARGET = 15.0;
				LD_RUNPATH_SEARCH_PATHS = (
					"$(inherited)",
					"@executable_path/Frameworks",
				);
				MARKETING_VERSION = 1.0;
				PRODUCT_BUNDLE_IDENTIFIER = com.potluck.bookable;
				PRODUCT_NAME = "$(TARGET_NAME)";
				SWIFT_EMIT_LOC_STRINGS = YES;
				SWIFT_VERSION = 5.0;
				TARGETED_DEVICE_FAMILY = "1,2";
			};
			name = Release;
		};
		63DC913329D986EA0048D0AC /* Debug */ = {
			isa = XCBuildConfiguration;
			buildSettings = {
				ALWAYS_EMBED_SWIFT_STANDARD_LIBRARIES = YES;
				BUNDLE_LOADER = "$(TEST_HOST)";
				CODE_SIGN_STYLE = Automatic;
				CURRENT_PROJECT_VERSION = 1;
				DEVELOPMENT_TEAM = 7P922SQ56W;
				GENERATE_INFOPLIST_FILE = YES;
				IPHONEOS_DEPLOYMENT_TARGET = 16.2;
				MARKETING_VERSION = 1.0;
				PRODUCT_BUNDLE_IDENTIFIER = com.potluck.bookableTests;
				PRODUCT_NAME = "$(TARGET_NAME)";
				SWIFT_EMIT_LOC_STRINGS = NO;
				SWIFT_VERSION = 5.0;
				TARGETED_DEVICE_FAMILY = "1,2";
				TEST_HOST = "$(BUILT_PRODUCTS_DIR)/Bookable.app/$(BUNDLE_EXECUTABLE_FOLDER_PATH)/Bookable";
			};
			name = Debug;
		};
		63DC913429D986EA0048D0AC /* Release */ = {
			isa = XCBuildConfiguration;
			buildSettings = {
				ALWAYS_EMBED_SWIFT_STANDARD_LIBRARIES = YES;
				BUNDLE_LOADER = "$(TEST_HOST)";
				CODE_SIGN_STYLE = Automatic;
				CURRENT_PROJECT_VERSION = 1;
				DEVELOPMENT_TEAM = 7P922SQ56W;
				GENERATE_INFOPLIST_FILE = YES;
				IPHONEOS_DEPLOYMENT_TARGET = 16.2;
				MARKETING_VERSION = 1.0;
				PRODUCT_BUNDLE_IDENTIFIER = com.potluck.bookableTests;
				PRODUCT_NAME = "$(TARGET_NAME)";
				SWIFT_EMIT_LOC_STRINGS = NO;
				SWIFT_VERSION = 5.0;
				TARGETED_DEVICE_FAMILY = "1,2";
				TEST_HOST = "$(BUILT_PRODUCTS_DIR)/Bookable.app/$(BUNDLE_EXECUTABLE_FOLDER_PATH)/Bookable";
			};
			name = Release;
		};
		63DC913629D986EA0048D0AC /* Debug */ = {
			isa = XCBuildConfiguration;
			buildSettings = {
				ALWAYS_EMBED_SWIFT_STANDARD_LIBRARIES = YES;
				CODE_SIGN_STYLE = Automatic;
				CURRENT_PROJECT_VERSION = 1;
				DEVELOPMENT_TEAM = 7P922SQ56W;
				GENERATE_INFOPLIST_FILE = YES;
				MARKETING_VERSION = 1.0;
				PRODUCT_BUNDLE_IDENTIFIER = com.potluck.bookableUITests;
				PRODUCT_NAME = "$(TARGET_NAME)";
				SWIFT_EMIT_LOC_STRINGS = NO;
				SWIFT_VERSION = 5.0;
				TARGETED_DEVICE_FAMILY = "1,2";
				TEST_TARGET_NAME = bookable;
			};
			name = Debug;
		};
		63DC913729D986EA0048D0AC /* Release */ = {
			isa = XCBuildConfiguration;
			buildSettings = {
				ALWAYS_EMBED_SWIFT_STANDARD_LIBRARIES = YES;
				CODE_SIGN_STYLE = Automatic;
				CURRENT_PROJECT_VERSION = 1;
				DEVELOPMENT_TEAM = 7P922SQ56W;
				GENERATE_INFOPLIST_FILE = YES;
				MARKETING_VERSION = 1.0;
				PRODUCT_BUNDLE_IDENTIFIER = com.potluck.bookableUITests;
				PRODUCT_NAME = "$(TARGET_NAME)";
				SWIFT_EMIT_LOC_STRINGS = NO;
				SWIFT_VERSION = 5.0;
				TARGETED_DEVICE_FAMILY = "1,2";
				TEST_TARGET_NAME = bookable;
			};
			name = Release;
		};
/* End XCBuildConfiguration section */

/* Begin XCConfigurationList section */
		63DC910629D986E90048D0AC /* Build configuration list for PBXProject "Bookable" */ = {
			isa = XCConfigurationList;
			buildConfigurations = (
				63DC912D29D986EA0048D0AC /* Debug */,
				63DC912E29D986EA0048D0AC /* Release */,
			);
			defaultConfigurationIsVisible = 0;
			defaultConfigurationName = Release;
		};
		63DC912F29D986EA0048D0AC /* Build configuration list for PBXNativeTarget "Bookable" */ = {
			isa = XCConfigurationList;
			buildConfigurations = (
				63DC913029D986EA0048D0AC /* Debug */,
				63DC913129D986EA0048D0AC /* Release */,
			);
			defaultConfigurationIsVisible = 0;
			defaultConfigurationName = Release;
		};
		63DC913229D986EA0048D0AC /* Build configuration list for PBXNativeTarget "BookableTests" */ = {
			isa = XCConfigurationList;
			buildConfigurations = (
				63DC913329D986EA0048D0AC /* Debug */,
				63DC913429D986EA0048D0AC /* Release */,
			);
			defaultConfigurationIsVisible = 0;
			defaultConfigurationName = Release;
		};
		63DC913529D986EA0048D0AC /* Build configuration list for PBXNativeTarget "BookableUITests" */ = {
			isa = XCConfigurationList;
			buildConfigurations = (
				63DC913629D986EA0048D0AC /* Debug */,
				63DC913729D986EA0048D0AC /* Release */,
			);
			defaultConfigurationIsVisible = 0;
			defaultConfigurationName = Release;
		};
/* End XCConfigurationList section */
	};
	rootObject = 63DC910329D986E90048D0AC /* Project object */;
}
